	<Project xmlns="http://schemas.microsoft.com/developer/msbuild/2003">
		<PropertyGroup>
			<ProjectGuid>{08039725-D903-4C95-802E-6FBF5BB36808}</ProjectGuid>
			<MainSource>Memur.dpr</MainSource>
			<Config Condition="'$(Config)'==''">Debug</Config>
			<DCC_DCCCompiler>DCC32</DCC_DCCCompiler>
			<ProjectVersion>13.4</ProjectVersion>
			<Base>True</Base>
			<AppType>Application</AppType>
			<FrameworkType>VCL</FrameworkType>
			<Platform Condition="'$(Platform)'==''">Win32</Platform>
			<TargetedPlatforms>1</TargetedPlatforms>
		</PropertyGroup>
		<PropertyGroup Condition="'$(Config)'=='Base' or '$(Base)'!=''">
			<Base>true</Base>
		</PropertyGroup>
		<PropertyGroup Condition="('$(Platform)'=='Win64' and '$(Base)'=='true') or '$(Base_Win64)'!=''">
			<Base_Win64>true</Base_Win64>
			<CfgParent>Base</CfgParent>
			<Base>true</Base>
		</PropertyGroup>
		<PropertyGroup Condition="('$(Platform)'=='Win32' and '$(Base)'=='true') or '$(Base_Win32)'!=''">
			<Base_Win32>true</Base_Win32>
			<CfgParent>Base</CfgParent>
			<Base>true</Base>
		</PropertyGroup>
		<PropertyGroup Condition="'$(Config)'=='Release' or '$(Cfg_1)'!=''">
			<Cfg_1>true</Cfg_1>
			<CfgParent>Base</CfgParent>
			<Base>true</Base>
		</PropertyGroup>
		<PropertyGroup Condition="'$(Config)'=='Debug' or '$(Cfg_2)'!=''">
			<Cfg_2>true</Cfg_2>
			<CfgParent>Base</CfgParent>
			<Base>true</Base>
		</PropertyGroup>
		<PropertyGroup Condition="('$(Platform)'=='Win32' and '$(Cfg_2)'=='true') or '$(Cfg_2_Win32)'!=''">
			<Cfg_2_Win32>true</Cfg_2_Win32>
			<CfgParent>Cfg_2</CfgParent>
			<Cfg_2>true</Cfg_2>
			<Base>true</Base>
		</PropertyGroup>
		<PropertyGroup Condition="'$(Base)'!=''">
			<VerInfo_Keys>FileVersion=1.1.6.4;CompanyName=;FileDescription=;InternalName=;LegalCopyright=;LegalTrademarks=;OriginalFilename=;ProductName=;ProductVersion=1.0.0.0</VerInfo_Keys>
			<VerInfo_Build>4</VerInfo_Build>
			<VerInfo_Locale>1055</VerInfo_Locale>
			<VerInfo_IncludeVerInfo>true</VerInfo_IncludeVerInfo>
			<VerInfo_Release>6</VerInfo_Release>
			<DCC_Namespace>Vcl;Vcl.Imaging;Vcl.Touch;Vcl.Samples;Vcl.Shell;System;Xml;Data;Datasnap;Web;Soap;Winapi;Bde;Data.Win;$(DCC_Namespace)</DCC_Namespace>
			<VerInfo_MinorVer>1</VerInfo_MinorVer>
			<DCC_ExeOutput>C:\Program Files\SKYBS\</DCC_ExeOutput>
			<DCC_UsePackage>VCLX30;VCL30;VCLDB30;VCLDBX30;INETDB30;INET30;VCLSMP30;QRPT30;TEEUI30;TEEDB30;TEE30;DSS30;IBEVNT30;vcl;vclx;vcldb;qrpt;rtl;indy;dbrtl;dsnap;dsnapcon;inet;xmlrtl;soaprtl;$(DCC_UsePackage)</DCC_UsePackage>
			<DCC_ImageBase>00400000</DCC_ImageBase>
			<DCC_UNSAFE_CODE>true</DCC_UNSAFE_CODE>
			<DCC_UNSAFE_TYPE>true</DCC_UNSAFE_TYPE>
			<DCC_Platform>x86</DCC_Platform>
			<DCC_DependencyCheckOutputName>C:\Program Files\SKYBS\Memur.exe</DCC_DependencyCheckOutputName>
			<DCC_K>false</DCC_K>
			<DCC_F>false</DCC_F>
			<DCC_S>false</DCC_S>
			<DCC_N>true</DCC_N>
			<DCC_WriteableConstants>true</DCC_WriteableConstants>
			<DCC_UNSAFE_CAST>true</DCC_UNSAFE_CAST>
			<DCC_E>false</DCC_E>
			<DCC_SymbolReferenceInfo>0</DCC_SymbolReferenceInfo>
		</PropertyGroup>
		<PropertyGroup Condition="'$(Base_Win64)'!=''">
			<Icon_MainIcon>Memur_Icon.ico</Icon_MainIcon>
		</PropertyGroup>
		<PropertyGroup Condition="'$(Base_Win32)'!=''">
			<VerInfo_IncludeVerInfo>true</VerInfo_IncludeVerInfo>
			<Icon_MainIcon>Memur_Icon.ico</Icon_MainIcon>
			<DCC_Namespace>System.Win;Datasnap.Win;Web.Win;Soap.Win;Xml.Win;$(DCC_Namespace)</DCC_Namespace>
			<VerInfo_Locale>1033</VerInfo_Locale>
			<Manifest_File>$(BDS)\bin\default_app.manifest</Manifest_File>
			<VerInfo_Keys>CompanyName=;FileDescription=;FileVersion=1.0.0.0;InternalName=;LegalCopyright=;LegalTrademarks=;OriginalFilename=;ProductName=;ProductVersion=1.0.0.0;Comments=</VerInfo_Keys>
		</PropertyGroup>
		<PropertyGroup Condition="'$(Cfg_1)'!=''">
			<DCC_Define>RELEASE;$(DCC_Define)</DCC_Define>
			<DCC_LocalDebugSymbols>false</DCC_LocalDebugSymbols>
			<DCC_DebugInformation>false</DCC_DebugInformation>
		</PropertyGroup>
		<PropertyGroup Condition="'$(Cfg_2)'!=''">
			<DCC_Define>DEBUG;$(DCC_Define)</DCC_Define>
		</PropertyGroup>
		<PropertyGroup Condition="'$(Cfg_2_Win32)'!=''">
			<VerInfo_Release>8</VerInfo_Release>
			<VerInfo_Locale>1033</VerInfo_Locale>
			<VerInfo_Build>1</VerInfo_Build>
			<VerInfo_Keys>CompanyName=;FileDescription=;FileVersion=1.1.8.1;InternalName=;LegalCopyright=;LegalTrademarks=;OriginalFilename=;ProductName=;ProductVersion=1.0.0.0;Comments=</VerInfo_Keys>
		</PropertyGroup>
		<ItemGroup>
			<DelphiCompile Include="$(MainSource)">
				<MainSource>MainSource</MainSource>
			</DelphiCompile>
			<DCCReference Include="UGelir.pas">
				<Form>FGelir</Form>
			</DCCReference>
			<DCCReference Include="UData.PAS">
				<Form>FData</Form>
				<DesignClass>TDataModule</DesignClass>
			</DCCReference>
			<DCCReference Include="UANAMENU.PAS">
				<Form>FANAMENU</Form>
			</DCCReference>
			<DCCReference Include="USicil.pas">
				<Form>FSicil</Form>
			</DCCReference>
			<DCCReference Include="UDon.pas">
				<Form>FDon</Form>
			</DCCReference>
			<DCCReference Include="UHESMENU.pas">
				<Form>FHESMENU</Form>
			</DCCReference>
			<DCCReference Include="UPARMENU.PAS">
				<Form>FPARMENU</Form>
			</DCCReference>
			<DCCReference Include="USicilAra.pas">
				<Form>FSicilAra</Form>
			</DCCReference>
			<DCCReference Include="URBordro.pas">
				<Form>FRBordro</Form>
			</DCCReference>
			<DCCReference Include="USistem.pas">
				<Form>FSistem</Form>
			</DCCReference>
			<DCCReference Include="Udonem.pas">
				<Form>Fdonem</Form>
			</DCCReference>
			<DCCReference Include="Ukatsayilar.pas">
				<Form>Fkatsayilar</Form>
			</DCCReference>
			<DCCReference Include="Ukazanclar.pas">
				<Form>FKazanclar</Form>
			</DCCReference>
			<DCCReference Include="Udair.pas">
				<Form>FDaire</Form>
			</DCCReference>
			<DCCReference Include="Ukesintiler.pas">
				<Form>Fkesintiler</Form>
			</DCCReference>
			<DCCReference Include="UGostergeler.pas">
				<Form>FGostergeler</Form>
			</DCCReference>
			<DCCReference Include="USsk.pas">
				<Form>FSsk</Form>
			</DCCReference>
			<DCCReference Include="UDonNet.pas">
				<Form>FDonNet</Form>
			</DCCReference>
			<DCCReference Include="UDonemtas.pas">
				<Form>FDonemtas</Form>
			</DCCReference>
			<DCCReference Include="UAyEmek.pas">
				<Form>FAyEmek</Form>
			</DCCReference>
			<DCCReference Include="URAPMENU.PAS">
				<Form>FRAPMENU</Form>
			</DCCReference>
			<DCCReference Include="UKazanlar.pas">
				<Form>FKazanlar</Form>
			</DCCReference>
			<DCCReference Include="UKesitlar.pas">
				<Form>FKesitlar</Form>
			</DCCReference>
			<DCCReference Include="UNetler.pas">
				<Form>FNetler</Form>
			</DCCReference>
			<DCCReference Include="UYilEm.pas">
				<Form>FYilEm</Form>
			</DCCReference>
			<DCCReference Include="URYilEm.pas">
				<Form>FRYilEm</Form>
			</DCCReference>
			<DCCReference Include="USicilLis.pas">
				<Form>FSicilLis</Form>
			</DCCReference>
			<DCCReference Include="USendika.pas">
				<Form>FRSendika</Form>
			</DCCReference>
			<DCCReference Include="URSendika.pas">
				<Form>FSendika</Form>
			</DCCReference>
			<DCCReference Include="UHesapi.pas">
				<Form>FHesap</Form>
			</DCCReference>
			<DCCReference Include="URBorKuc.pas">
				<Form>FRBorKuc</Form>
			</DCCReference>
			<DCCReference Include="Paracevir.pas"/>
			<DCCReference Include="USicBuy.pas">
				<Form>FSicBuy</Form>
			</DCCReference>
			<DCCReference Include="URIcra.pas">
				<Form>FRIcra</Form>
			</DCCReference>
			<DCCReference Include="UKefuc.pas">
				<Form>FKefuc</Form>
			</DCCReference>
			<DCCReference Include="UAyem2.pas">
				<Form>FAyem2</Form>
			</DCCReference>
			<DCCReference Include="UHesNet.pas">
				<Form>FHesNet</Form>
			</DCCReference>
			<DCCReference Include="UAsker.pas">
				<Form>FAsker</Form>
			</DCCReference>
			<DCCReference Include="UIlac.pas">
				<Form>FIlac</Form>
			</DCCReference>
			<DCCReference Include="UTopHesap.pas">
				<Form>FTopHesap</Form>
			</DCCReference>
			<DCCReference Include="UHasta.pas">
				<Form>FHasta</Form>
			</DCCReference>
			<DCCReference Include="UBordro.pas">
				<Form>FBordro</Form>
			</DCCReference>
			<DCCReference Include="UGelirkod.pas">
				<Form>FGelirkod</Form>
			</DCCReference>
			<DCCReference Include="UNakit.pas">
				<Form>FNakit</Form>
			</DCCReference>
			<DCCReference Include="URHasta.pas">
				<Form>FRHasta</Form>
			</DCCReference>
			<DCCReference Include="URBorKuc1.pas">
				<Form>FRBorKuc1</Form>
			</DCCReference>
			<DCCReference Include="UEcra.pas">
				<Form>FEcra</Form>
			</DCCReference>
			<DCCReference Include="USicil2.pas">
				<Form>FSicil2</Form>
			</DCCReference>
			<DCCReference Include="UA4bordro.pas">
				<Form>FA4bordro</Form>
			</DCCReference>
			<DCCReference Include="URKdv.pas">
				<Form>FRKdv</Form>
			</DCCReference>
			<DCCReference Include="UAyEmek5510sonra.pas">
				<Form>FAyEmek5510sonra</Form>
			</DCCReference>
			<DCCReference Include="USicilTasima.pas">
				<Form>FSicilTasima</Form>
			</DCCReference>
			<DCCReference Include="UAcilis.pas">
				<Form>FAcilis</Form>
			</DCCReference>
			<DCCReference Include="C:\Program Files\FastReports\FastReport 4\Source\ConverterQR2FR.pas"/>
			<DCCReference Include="UYilKesintiler.pas">
				<Form>FYilKesintiler</Form>
			</DCCReference>
			<DCCReference Include="UYilKazanlar.pas">
				<Form>FYilKazanlar</Form>
			</DCCReference>
			<DCCReference Include="UIcraGirisi.pas">
				<Form>FIcraGirisi</Form>
			</DCCReference>
			<DCCReference Include="..\Common\UProvider.pas"/>
			<DCCReference Include="UBesKesinti.pas">
				<Form>FBesKesinti</Form>
				<FormType>dfm</FormType>
			</DCCReference>
			<DCCReference Include="SerasCrmWs1.pas"/>
			<DCCReference Include="UVergiIstisnaKontrol.pas">
				<Form>FVergiIstisnaKontrol</Form>
			</DCCReference>
			<BuildConfiguration Include="Debug">
				<Key>Cfg_2</Key>
				<CfgParent>Base</CfgParent>
			</BuildConfiguration>
			<BuildConfiguration Include="Base">
				<Key>Base</Key>
			</BuildConfiguration>
			<BuildConfiguration Include="Release">
				<Key>Cfg_1</Key>
				<CfgParent>Base</CfgParent>
			</BuildConfiguration>
		</ItemGroup>
		<Import Condition="Exists('$(BDS)\Bin\CodeGear.Delphi.Targets')" Project="$(BDS)\Bin\CodeGear.Delphi.Targets"/>
		<Import Condition="Exists('$(APPDATA)\Embarcadero\$(BDSAPPDATABASEDIR)\$(PRODUCTVERSION)\UserTools.proj')" Project="$(APPDATA)\Embarcadero\$(BDSAPPDATABASEDIR)\$(PRODUCTVERSION)\UserTools.proj"/>
		<ProjectExtensions>
			<Borland.Personality>Delphi.Personality.12</Borland.Personality>
			<Borland.ProjectType>VCLApplication</Borland.ProjectType>
			<BorlandProject>
				<Delphi.Personality>
					<Source>
						<Source Name="MainSource">Memur.dpr</Source>
					</Source>
					<Parameters/>
					<VersionInfo>
						<VersionInfo Name="IncludeVerInfo">True</VersionInfo>
						<VersionInfo Name="AutoIncBuild">False</VersionInfo>
						<VersionInfo Name="MajorVer">1</VersionInfo>
						<VersionInfo Name="MinorVer">1</VersionInfo>
						<VersionInfo Name="Release">6</VersionInfo>
						<VersionInfo Name="Build">4</VersionInfo>
						<VersionInfo Name="Debug">False</VersionInfo>
						<VersionInfo Name="PreRelease">False</VersionInfo>
						<VersionInfo Name="Special">False</VersionInfo>
						<VersionInfo Name="Private">False</VersionInfo>
						<VersionInfo Name="DLL">False</VersionInfo>
						<VersionInfo Name="Locale">1055</VersionInfo>
						<VersionInfo Name="CodePage">1254</VersionInfo>
					</VersionInfo>
					<VersionInfoKeys>
						<VersionInfoKeys Name="FileVersion">1.1.6.4</VersionInfoKeys>
						<VersionInfoKeys Name="CompanyName"/>
						<VersionInfoKeys Name="FileDescription"/>
						<VersionInfoKeys Name="InternalName"/>
						<VersionInfoKeys Name="LegalCopyright"/>
						<VersionInfoKeys Name="LegalTrademarks"/>
						<VersionInfoKeys Name="OriginalFilename"/>
						<VersionInfoKeys Name="ProductName"/>
						<VersionInfoKeys Name="ProductVersion">1.0.0.0</VersionInfoKeys>
					</VersionInfoKeys>
					<Excluded_Packages>
						<Excluded_Packages Name="C:\Program Files\SKYBS\OOSB\Sistem.bpl">(untitled)</Excluded_Packages>
						<Excluded_Packages Name="$(BDSBIN)\dcloffice2k160.bpl">Microsoft Office 2000 Sample Automation Server Wrapper Components</Excluded_Packages>
						<Excluded_Packages Name="$(BDSBIN)\dclofficexp160.bpl">Microsoft Office XP Sample Automation Server Wrapper Components</Excluded_Packages>
						<Excluded_Packages Name="C:\Users\Public\Documents\RAD Studio\9.0\Bpl\dclfs10.bpl">FastScript 1.9 Components</Excluded_Packages>
						<Excluded_Packages Name="C:\Users\Public\Documents\RAD Studio\9.0\Bpl\dclfs11.bpl">FastScript 1.9 Components</Excluded_Packages>
						<Excluded_Packages Name="C:\Users\Public\Documents\RAD Studio\9.0\Bpl\dclfs12.bpl">FastScript 1.9 Components</Excluded_Packages>
						<Excluded_Packages Name="C:\Users\Public\Documents\RAD Studio\9.0\Bpl\dclfs14.bpl">FastScript 1.9 Components</Excluded_Packages>
						<Excluded_Packages Name="C:\Users\Public\Documents\RAD Studio\9.0\Bpl\dclfs15.bpl">FastScript 1.9 Components</Excluded_Packages>
						<Excluded_Packages Name="C:\Users\Public\Documents\RAD Studio\9.0\Bpl\dclfs6.bpl">FastScript 1.9 Components</Excluded_Packages>
						<Excluded_Packages Name="C:\Users\Public\Documents\RAD Studio\9.0\Bpl\dclfs7.bpl">FastScript 1.9 Components</Excluded_Packages>
						<Excluded_Packages Name="C:\Users\Public\Documents\RAD Studio\9.0\Bpl\dclfs9.bpl">FastScript 1.9 Components</Excluded_Packages>
						<Excluded_Packages Name="C:\Users\Public\Documents\RAD Studio\9.0\Bpl\dclfsDB10.bpl">FastScript 1.9 DB Components</Excluded_Packages>
						<Excluded_Packages Name="C:\Users\Public\Documents\RAD Studio\9.0\Bpl\dclfsDB11.bpl">FastScript 1.9 DB Components</Excluded_Packages>
						<Excluded_Packages Name="C:\Users\Public\Documents\RAD Studio\9.0\Bpl\dclfsDB12.bpl">FastScript 1.9 DB Components</Excluded_Packages>
						<Excluded_Packages Name="C:\Users\Public\Documents\RAD Studio\9.0\Bpl\dclfsDB14.bpl">FastScript 1.9 DB Components</Excluded_Packages>
						<Excluded_Packages Name="C:\Users\Public\Documents\RAD Studio\9.0\Bpl\dclfsDB15.bpl">FastScript 1.9 DB Components</Excluded_Packages>
						<Excluded_Packages Name="C:\Users\Public\Documents\RAD Studio\9.0\Bpl\dclfsDB6.bpl">FastScript 1.9 DB Components</Excluded_Packages>
						<Excluded_Packages Name="C:\Users\Public\Documents\RAD Studio\9.0\Bpl\dclfsDB7.bpl">FastScript 1.9 DB Components</Excluded_Packages>
						<Excluded_Packages Name="C:\Users\Public\Documents\RAD Studio\9.0\Bpl\dclfsDB9.bpl">FastScript 1.9 DB Components</Excluded_Packages>
						<Excluded_Packages Name="C:\Users\Public\Documents\RAD Studio\9.0\Bpl\dclfrx12.bpl">FastReport 4.0 Components</Excluded_Packages>
						<Excluded_Packages Name="C:\Users\Public\Documents\RAD Studio\9.0\Bpl\dclfrx14.bpl">FastReport 4.0 Components</Excluded_Packages>
						<Excluded_Packages Name="C:\Users\Public\Documents\RAD Studio\9.0\Bpl\dclfrx15.bpl">FastReport 4.0 Components</Excluded_Packages>
						<Excluded_Packages Name="C:\Users\Public\Documents\RAD Studio\9.0\Bpl\dclfrxcs12.bpl">FastReport 4.0 Client/Server Components</Excluded_Packages>
						<Excluded_Packages Name="C:\Users\Public\Documents\RAD Studio\9.0\Bpl\dclfrxcs14.bpl">FastReport 4.0 Client/Server Components</Excluded_Packages>
						<Excluded_Packages Name="C:\Users\Public\Documents\RAD Studio\9.0\Bpl\dclfrxcs15.bpl">FastReport 4.0 Client/Server Components</Excluded_Packages>
						<Excluded_Packages Name="C:\Users\Public\Documents\RAD Studio\9.0\Bpl\dclfrxDB12.bpl">FastReport 4.0 DB Components</Excluded_Packages>
						<Excluded_Packages Name="C:\Users\Public\Documents\RAD Studio\9.0\Bpl\dclfrxDB14.bpl">FastReport 4.0 DB Components</Excluded_Packages>
						<Excluded_Packages Name="C:\Users\Public\Documents\RAD Studio\9.0\Bpl\dclfrxDB15.bpl">FastReport 4.0 DB Components</Excluded_Packages>
						<Excluded_Packages Name="C:\Users\Public\Documents\RAD Studio\9.0\Bpl\DCLFRXE12.bpl">FastReport 4.0 Exports</Excluded_Packages>
						<Excluded_Packages Name="C:\Users\Public\Documents\RAD Studio\9.0\Bpl\dclfrxe14.bpl">FastReport 4.0 Exports</Excluded_Packages>
						<Excluded_Packages Name="C:\Users\Public\Documents\RAD Studio\9.0\Bpl\dclfrxe15.bpl">FastReport 4.0 Exports</Excluded_Packages>
						<Excluded_Packages Name="C:\Users\Public\Documents\RAD Studio\9.0\Bpl\dclfsTee10.bpl">FastScript 1.9 Tee Components</Excluded_Packages>
						<Excluded_Packages Name="C:\Users\Public\Documents\RAD Studio\9.0\Bpl\dclfsTee11.bpl">FastScript 1.9 Tee Components</Excluded_Packages>
						<Excluded_Packages Name="C:\Users\Public\Documents\RAD Studio\9.0\Bpl\dclfsTee12.bpl">FastScript 1.9 Tee Components</Excluded_Packages>
						<Excluded_Packages Name="C:\Users\Public\Documents\RAD Studio\9.0\Bpl\dclfsTee14.bpl">FastScript 1.9 Tee Components</Excluded_Packages>
						<Excluded_Packages Name="C:\Users\Public\Documents\RAD Studio\9.0\Bpl\dclfsTee15.bpl">FastScript 1.9 Tee Components</Excluded_Packages>
						<Excluded_Packages Name="C:\Users\Public\Documents\RAD Studio\9.0\Bpl\dclfsTee6.bpl">FastScript 1.9 Tee Components</Excluded_Packages>
						<Excluded_Packages Name="C:\Users\Public\Documents\RAD Studio\9.0\Bpl\dclfsTee7.bpl">FastScript 1.9 Tee Components</Excluded_Packages>
						<Excluded_Packages Name="C:\Users\Public\Documents\RAD Studio\9.0\Bpl\dclfsTee9.bpl">FastScript 1.9 Tee Components</Excluded_Packages>
						<Excluded_Packages Name="C:\Users\Public\Documents\RAD Studio\9.0\Bpl\dclfrxTee12.bpl">FastReport 4.0 Tee Components</Excluded_Packages>
						<Excluded_Packages Name="C:\Users\Public\Documents\RAD Studio\9.0\Bpl\dclfrxTee14.bpl">FastReport 4.0 Tee Components</Excluded_Packages>
						<Excluded_Packages Name="C:\Users\Public\Documents\RAD Studio\9.0\Bpl\dclfrxTee15.bpl">FastReport 4.0 Tee Components</Excluded_Packages>
					</Excluded_Packages>
				</Delphi.Personality>
				<Platforms>
					<Platform value="Win64">False</Platform>
					<Platform value="Win32">True</Platform>
				</Platforms>
			</BorlandProject>
			<ProjectFileVersion>12</ProjectFileVersion>
		</ProjectExtensions>
	</Project>
